Microsoft Visual Studio Solution File, Format Version 11.00
# Visual Studio 2008

Project("{68025216-578E-1A6D-FE62-6342BE496169}") = "NauEspacial", "Assembly-CSharp.csproj", "{5039FF5A-DFDC-8CF3-B891-A5EB4F6A5B81}"
EndProject
Global
	GlobalSection(SolutionConfigurationPlatforms) = preSolution
		Debug|Any CPU = Debug|Any CPU
		Release|Any CPU = Release|Any CPU
	EndGlobalSection
	GlobalSection(ProjectConfigurationPlatforms) = postSolution
		{5039FF5A-DFDC-8CF3-B891-A5EB4F6A5B81}.Debug|Any CPU.ActiveCfg = Debug|Any CPU
		{5039FF5A-DFDC-8CF3-B891-A5EB4F6A5B81}.Debug|Any CPU.Build.0 = Debug|Any CPU
		{5039FF5A-DFDC-8CF3-B891-A5EB4F6A5B81}.Release|Any CPU.ActiveCfg = Release|Any CPU
		{5039FF5A-DFDC-8CF3-B891-A5EB4F6A5B81}.Release|Any CPU.Build.0 = Release|Any CPU
	EndGlobalSection
	GlobalSection(SolutionProperties) = preSolution
		HideSolutionNode = FALSE
	EndGlobalSection
	GlobalSection(MonoDevelopProperties) = preSolution
		StartupItem = Assembly-CSharp.csproj
	EndGlobalSection
EndGlobal
